// !$*UTF8*$!
{
	archiveVersion = 1;
	classes = {
	};
	objectVersion = 77;
	objects = {

/* Begin PBXBuildFile section */
		F07644D72CF4F1A6005668B8 /* SwiftyJSON in Frameworks */ = {isa = PBXBuildFile; productRef = F07644D62CF4F1A6005668B8 /* SwiftyJSON */; };
		F0859AA32CF5B5F900A90331 /* Alamofire in Frameworks */ = {isa = PBXBuildFile; productRef = F0859AA22CF5B5F900A90331 /* Alamofire */; };
/* End PBXBuildFile section */

/* Begin PBXContainerItemProxy section */
		F07644AC2CF1C328005668B8 /* PBXContainerItemProxy */ = {
			isa = PBXContainerItemProxy;
			containerPortal = F07644932CF1C325005668B8 /* Project object */;
			proxyType = 1;
			remoteGlobalIDString = F076449A2CF1C325005668B8;
			remoteInfo = "room-reservation";
		};
		F07644B62CF1C328005668B8 /* PBXContainerItemProxy */ = {
			isa = PBXContainerItemProxy;
			containerPortal = F07644932CF1C325005668B8 /* Project object */;
			proxyType = 1;
			remoteGlobalIDString = F076449A2CF1C325005668B8;
			remoteInfo = "room-reservation";
		};
/* End PBXContainerItemProxy section */

/* Begin PBXFileReference section */
		F076449B2CF1C325005668B8 /* room-reservation.app */ = {isa = PBXFileReference; explicitFileType = wrapper.application; includeInIndex = 0; path = "room-reservation.app"; sourceTree = BUILT_PRODUCTS_DIR; };
		F07644AB2CF1C328005668B8 /* room-reservationTests.xctest */ = {isa = PBXFileReference; explicitFileType = wrapper.cfbundle; includeInIndex = 0; path = "room-reservationTests.xctest"; sourceTree = BUILT_PRODUCTS_DIR; };
		F07644B52CF1C328005668B8 /* room-reservationUITests.xctest */ = {isa = PBXFileReference; explicitFileType = wrapper.cfbundle; includeInIndex = 0; path = "room-reservationUITests.xctest"; sourceTree = BUILT_PRODUCTS_DIR; };
/* End PBXFileReference section */

/* Begin PBXFileSystemSynchronizedBuildFileExceptionSet section */
		F07644E12CF5B0DE005668B8 /* Exceptions for "room-reservation" folder in "room-reservation" target */ = {
			isa = PBXFileSystemSynchronizedBuildFileExceptionSet;
			membershipExceptions = (
				Info.plist,
			);
			target = F076449A2CF1C325005668B8 /* room-reservation */;
		};
/* End PBXFileSystemSynchronizedBuildFileExceptionSet section */

/* Begin PBXFileSystemSynchronizedRootGroup section */
		F076449D2CF1C325005668B8 /* room-reservation */ = {
			isa = PBXFileSystemSynchronizedRootGroup;
			exceptions = (
				F07644E12CF5B0DE005668B8 /* Exceptions for "room-reservation" folder in "room-reservation" target */,
			);
			path = "room-reservation";
			sourceTree = "<group>";
		};
		F07644AE2CF1C328005668B8 /* room-reservationTests */ = {
			isa = PBXFileSystemSynchronizedRootGroup;
			path = "room-reservationTests";
			sourceTree = "<group>";
		};
		F07644B82CF1C328005668B8 /* room-reservationUITests */ = {
			isa = PBXFileSystemSynchronizedRootGroup;
			path = "room-reservationUITests";
			sourceTree = "<group>";
		};
/* End PBXFileSystemSynchronizedRootGroup section */

/* Begin PBXFrameworksBuildPhase section */
		F07644982CF1C325005668B8 /* Frameworks */ = {
			isa = PBXFrameworksBuildPhase;
			buildActionMask = 2147483647;
			files = (
				F07644D72CF4F1A6005668B8 /* SwiftyJSON in Frameworks */,
				F0859AA32CF5B5F900A90331 /* Alamofire in Frameworks */,
			);
			runOnlyForDeploymentPostprocessing = 0;
		};
		F07644A82CF1C328005668B8 /* Frameworks */ = {
			isa = PBXFrameworksBuildPhase;
			buildActionMask = 2147483647;
			files = (
			);
			runOnlyForDeploymentPostprocessing = 0;
		};
		F07644B22CF1C328005668B8 /* Frameworks */ = {
			isa = PBXFrameworksBuildPhase;
			buildActionMask = 2147483647;
			files = (
			);
			runOnlyForDeploymentPostprocessing = 0;
		};
/* End PBXFrameworksBuildPhase section */

/* Begin PBXGroup section */
		F07644922CF1C325005668B8 = {
			isa = PBXGroup;
			children = (
				F076449D2CF1C325005668B8 /* room-reservation */,
				F07644AE2CF1C328005668B8 /* room-reservationTests */,
				F07644B82CF1C328005668B8 /* room-reservationUITests */,
				F076449C2CF1C325005668B8 /* Products */,
			);
			sourceTree = "<group>";
		};
		F076449C2CF1C325005668B8 /* Products */ = {
			isa = PBXGroup;
			children = (
				F076449B2CF1C325005668B8 /* room-reservation.app */,
				F07644AB2CF1C328005668B8 /* room-reservationTests.xctest */,
				F07644B52CF1C328005668B8 /* room-reservationUITests.xctest */,
			);
			name = Products;
			sourceTree = "<group>";
		};
/* End PBXGroup section */

/* Begin PBXNativeTarget section */
		F076449A2CF1C325005668B8 /* room-reservation */ = {
			isa = PBXNativeTarget;
			buildConfigurationList = F07644BF2CF1C328005668B8 /* Build configuration list for PBXNativeTarget "room-reservation" */;
			buildPhases = (
				F07644972CF1C325005668B8 /* Sources */,
				F07644982CF1C325005668B8 /* Frameworks */,
				F07644992CF1C325005668B8 /* Resources */,
			);
			buildRules = (
			);
			dependencies = (
			);
			fileSystemSynchronizedGroups = (
				F076449D2CF1C325005668B8 /* room-reservation */,
			);
			name = "room-reservation";
			packageProductDependencies = (
				F07644D62CF4F1A6005668B8 /* SwiftyJSON */,
				F0859AA22CF5B5F900A90331 /* Alamofire */,
			);
			productName = "room-reservation";
			productReference = F076449B2CF1C325005668B8 /* room-reservation.app */;
			productType = "com.apple.product-type.application";
		};
		F07644AA2CF1C328005668B8 /* room-reservationTests */ = {
			isa = PBXNativeTarget;
			buildConfigurationList = F07644C22CF1C328005668B8 /* Build configuration list for PBXNativeTarget "room-reservationTests" */;
			buildPhases = (
				F07644A72CF1C328005668B8 /* Sources */,
				F07644A82CF1C328005668B8 /* Frameworks */,
				F07644A92CF1C328005668B8 /* Resources */,
			);
			buildRules = (
			);
			dependencies = (
				F07644AD2CF1C328005668B8 /* PBXTargetDependency */,
			);
			fileSystemSynchronizedGroups = (
				F07644AE2CF1C328005668B8 /* room-reservationTests */,
			);
			name = "room-reservationTests";
			packageProductDependencies = (
			);
			productName = "room-reservationTests";
			productReference = F07644AB2CF1C328005668B8 /* room-reservationTests.xctest */;
			productType = "com.apple.product-type.bundle.unit-test";
		};
		F07644B42CF1C328005668B8 /* room-reservationUITests */ = {
			isa = PBXNativeTarget;
			buildConfigurationList = F07644C52CF1C328005668B8 /* Build configuration list for PBXNativeTarget "room-reservationUITests" */;
			buildPhases = (
				F07644B12CF1C328005668B8 /* Sources */,
				F07644B22CF1C328005668B8 /* Frameworks */,
				F07644B32CF1C328005668B8 /* Resources */,
			);
			buildRules = (
			);
			dependencies = (
				F07644B72CF1C328005668B8 /* PBXTargetDependency */,
			);
			fileSystemSynchronizedGroups = (
				F07644B82CF1C328005668B8 /* room-reservationUITests */,
			);
			name = "room-reservationUITests";
			packageProductDependencies = (
			);
			productName = "room-reservationUITests";
			productReference = F07644B52CF1C328005668B8 /* room-reservationUITests.xctest */;
			productType = "com.apple.product-type.bundle.ui-testing";
		};
/* End PBXNativeTarget section */

/* Begin PBXProject section */
		F07644932CF1C325005668B8 /* Project object */ = {
			isa = PBXProject;
			attributes = {
				BuildIndependentTargetsInParallel = 1;
				LastSwiftUpdateCheck = 1610;
				LastUpgradeCheck = 1610;
				TargetAttributes = {
					F076449A2CF1C325005668B8 = {
						CreatedOnToolsVersion = 16.1;
					};
					F07644AA2CF1C328005668B8 = {
						CreatedOnToolsVersion = 16.1;
						TestTargetID = F076449A2CF1C325005668B8;
					};
					F07644B42CF1C328005668B8 = {
						CreatedOnToolsVersion = 16.1;
						TestTargetID = F076449A2CF1C325005668B8;
					};
				};
			};
			buildConfigurationList = F07644962CF1C325005668B8 /* Build configuration list for PBXProject "room-reservation" */;
			developmentRegion = en;
			hasScannedForEncodings = 0;
			knownRegions = (
				en,
				Base,
			);
			mainGroup = F07644922CF1C325005668B8;
			minimizedProjectReferenceProxies = 1;
			packageReferences = (
				F07644D52CF4F1A6005668B8 /* XCRemoteSwiftPackageReference "SwiftyJSON" */,
				F0859AA12CF5B5F900A90331 /* XCRemoteSwiftPackageReference "Alamofire" */,
			);
			preferredProjectObjectVersion = 77;
			productRefGroup = F076449C2CF1C325005668B8 /* Products */;
			projectDirPath = "";
			projectRoot = "";
			targets = (
				F076449A2CF1C325005668B8 /* room-reservation */,
				F07644AA2CF1C328005668B8 /* room-reservationTests */,
				F07644B42CF1C328005668B8 /* room-reservationUITests */,
			);
		};
/* End PBXProject section */

/* Begin PBXResourcesBuildPhase section */
		F07644992CF1C325005668B8 /* Resources */ = {
			isa = PBXResourcesBuildPhase;
			buildActionMask = 2147483647;
			files = (
			);
			runOnlyForDeploymentPostprocessing = 0;
		};
		F07644A92CF1C328005668B8 /* Resources */ = {
			isa = PBXResourcesBuildPhase;
			buildActionMask = 2147483647;
			files = (
			);
			runOnlyForDeploymentPostprocessing = 0;
		};
		F07644B32CF1C328005668B8 /* Resources */ = {
			isa = PBXResourcesBuildPhase;
			buildActionMask = 2147483647;
			files = (
			);
			runOnlyForDeploymentPostprocessing = 0;
		};
/* End PBXResourcesBuildPhase section */

/* Begin PBXSourcesBuildPhase section */
		F07644972CF1C325005668B8 /* Sources */ = {
			isa = PBXSourcesBuildPhase;
			buildActionMask = 2147483647;
			files = (
			);
			runOnlyForDeploymentPostprocessing = 0;
		};
		F07644A72CF1C328005668B8 /* Sources */ = {
			isa = PBXSourcesBuildPhase;
			buildActionMask = 2147483647;
			files = (
			);
			runOnlyForDeploymentPostprocessing = 0;
		};
		F07644B12CF1C328005668B8 /* Sources */ = {
			isa = PBXSourcesBuildPhase;
			buildActionMask = 2147483647;
			files = (
			);
			runOnlyForDeploymentPostprocessing = 0;
		};
/* End PBXSourcesBuildPhase section */

/* Begin PBXTargetDependency section */
		F07644AD2CF1C328005668B8 /* PBXTargetDependency */ = {
			isa = PBXTargetDependency;
			target = F076449A2CF1C325005668B8 /* room-reservation */;
			targetProxy = F07644AC2CF1C328005668B8 /* PBXContainerItemProxy */;
		};
		F07644B72CF1C328005668B8 /* PBXTargetDependency */ = {
			isa = PBXTargetDependency;
			target = F076449A2CF1C325005668B8 /* room-reservation */;
			targetProxy = F07644B62CF1C328005668B8 /* PBXContainerItemProxy */;
		};
/* End PBXTargetDependency section */

/* Begin XCBuildConfiguration section */
		F07644BD2CF1C328005668B8 /* Debug */ = {
			isa = XCBuildConfiguration;
			buildSettings = {
				ALWAYS_SEARCH_USER_PATHS = NO;
				ASSETCATALOG_COMPILER_GENERATE_SWIFT_ASSET_SYMBOL_EXTENSIONS = YES;
				CLANG_ANALYZER_NONNULL = YES;
				CLANG_ANALYZER_NUMBER_OBJECT_CONVERSION = YES_AGGRESSIVE;
				CLANG_CXX_LANGUAGE_STANDARD = "gnu++20";
				CLANG_ENABLE_MODULES = YES;
				CLANG_ENABLE_OBJC_ARC = YES;
				CLANG_ENABLE_OBJC_WEAK = YES;
				CLANG_WARN_BLOCK_CAPTURE_AUTORELEASING = YES;
				CLANG_WARN_BOOL_CONVERSION = YES;
				CLANG_WARN_COMMA = YES;
				CLANG_WARN_CONSTANT_CONVERSION = YES;
				CLANG_WARN_DEPRECATED_OBJC_IMPLEMENTATIONS = YES;
				CLANG_WARN_DIRECT_OBJC_ISA_USAGE = YES_ERROR;
				CLANG_WARN_DOCUMENTATION_COMMENTS = YES;
				CLANG_WARN_EMPTY_BODY = YES;
				CLANG_WARN_ENUM_CONVERSION = YES;
				CLANG_WARN_INFINITE_RECURSION = YES;
				CLANG_WARN_INT_CONVERSION = YES;
				CLANG_WARN_NON_LITERAL_NULL_CONVERSION = YES;
				CLANG_WARN_OBJC_IMPLICIT_RETAIN_SELF = YES;
				CLANG_WARN_OBJC_LITERAL_CONVERSION = YES;
				CLANG_WARN_OBJC_ROOT_CLASS = YES_ERROR;
				CLANG_WARN_QUOTED_INCLUDE_IN_FRAMEWORK_HEADER = YES;
				CLANG_WARN_RANGE_LOOP_ANALYSIS = YES;
				CLANG_WARN_STRICT_PROTOTYPES = YES;
				CLANG_WARN_SUSPICIOUS_MOVE = YES;
				CLANG_WARN_UNGUARDED_AVAILABILITY = YES_AGGRESSIVE;
				CLANG_WARN_UNREACHABLE_CODE = YES;
				CLANG_WARN__DUPLICATE_METHOD_MATCH = YES;
				COPY_PHASE_STRIP = NO;
				DEBUG_INFORMATION_FORMAT = dwarf;
				ENABLE_STRICT_OBJC_MSGSEND = YES;
				ENABLE_TESTABILITY = YES;
				ENABLE_USER_SCRIPT_SANDBOXING = YES;
				GCC_C_LANGUAGE_STANDARD = gnu17;
				GCC_DYNAMIC_NO_PIC = NO;
				GCC_NO_COMMON_BLOCKS = YES;
				GCC_OPTIMIZATION_LEVEL = 0;
				GCC_PREPROCESSOR_DEFINITIONS = (
					"DEBUG=1",
					"$(inherited)",
				);
				GCC_WARN_64_TO_32_BIT_CONVERSION = YES;
				GCC_WARN_ABOUT_RETURN_TYPE = YES_ERROR;
				GCC_WARN_UNDECLARED_SELECTOR = YES;
				GCC_WARN_UNINITIALIZED_AUTOS = YES_AGGRESSIVE;
				GCC_WARN_UNUSED_FUNCTION = YES;
				GCC_WARN_UNUSED_VARIABLE = YES;
				IPHONEOS_DEPLOYMENT_TARGET = 18.1;
				LOCALIZATION_PREFERS_STRING_CATALOGS = YES;
				MTL_ENABLE_DEBUG_INFO = INCLUDE_SOURCE;
				MTL_FAST_MATH = YES;
				ONLY_ACTIVE_ARCH = YES;
				SDKROOT = iphoneos;
				SWIFT_ACTIVE_COMPILATION_CONDITIONS = "DEBUG $(inherited)";
				SWIFT_OPTIMIZATION_LEVEL = "-Onone";
			};
			name = Debug;
		};
		F07644BE2CF1C328005668B8 /* Release */ = {
			isa = XCBuildConfiguration;
			buildSettings = {
				ALWAYS_SEARCH_USER_PATHS = NO;
				ASSETCATALOG_COMPILER_GENERATE_SWIFT_ASSET_SYMBOL_EXTENSIONS = YES;
				CLANG_ANALYZER_NONNULL = YES;
				CLANG_ANALYZER_NUMBER_OBJECT_CONVERSION = YES_AGGRESSIVE;
				CLANG_CXX_LANGUAGE_STANDARD = "gnu++20";
				CLANG_ENABLE_MODULES = YES;
				CLANG_ENABLE_OBJC_ARC = YES;
				CLANG_ENABLE_OBJC_WEAK = YES;
				CLANG_WARN_BLOCK_CAPTURE_AUTORELEASING = YES;
				CLANG_WARN_BOOL_CONVERSION = YES;
				CLANG_WARN_COMMA = YES;
				CLANG_WARN_CONSTANT_CONVERSION = YES;
				CLANG_WARN_DEPRECATED_OBJC_IMPLEMENTATIONS = YES;
				CLANG_WARN_DIRECT_OBJC_ISA_USAGE = YES_ERROR;
				CLANG_WARN_DOCUMENTATION_COMMENTS = YES;
				CLANG_WARN_EMPTY_BODY = YES;
				CLANG_WARN_ENUM_CONVERSION = YES;
				CLANG_WARN_INFINITE_RECURSION = YES;
				CLANG_WARN_INT_CONVERSION = YES;
				CLANG_WARN_NON_LITERAL_NULL_CONVERSION = YES;
				CLANG_WARN_OBJC_IMPLICIT_RETAIN_SELF = YES;
				CLANG_WARN_OBJC_LITERAL_CONVERSION = YES;
				CLANG_WARN_OBJC_ROOT_CLASS = YES_ERROR;
				CLANG_WARN_QUOTED_INCLUDE_IN_FRAMEWORK_HEADER = YES;
				CLANG_WARN_RANGE_LOOP_ANALYSIS = YES;
				CLANG_WARN_STRICT_PROTOTYPES = YES;
				CLANG_WARN_SUSPICIOUS_MOVE = YES;
				CLANG_WARN_UNGUARDED_AVAILABILITY = YES_AGGRESSIVE;
				CLANG_WARN_UNREACHABLE_CODE = YES;
				CLANG_WARN__DUPLICATE_METHOD_MATCH = YES;
				COPY_PHASE_STRIP = NO;
				DEBUG_INFORMATION_FORMAT = "dwarf-with-dsym";
				ENABLE_NS_ASSERTIONS = NO;
				ENABLE_STRICT_OBJC_MSGSEND = YES;
				ENABLE_USER_SCRIPT_SANDBOXING = YES;
				GCC_C_LANGUAGE_STANDARD = gnu17;
				GCC_NO_COMMON_BLOCKS = YES;
				GCC_WARN_64_TO_32_BIT_CONVERSION = YES;
				GCC_WARN_ABOUT_RETURN_TYPE = YES_ERROR;
				GCC_WARN_UNDECLARED_SELECTOR = YES;
				GCC_WARN_UNINITIALIZED_AUTOS = YES_AGGRESSIVE;
				GCC_WARN_UNUSED_FUNCTION = YES;
				GCC_WARN_UNUSED_VARIABLE = YES;
				IPHONEOS_DEPLOYMENT_TARGET = 18.1;
				LOCALIZATION_PREFERS_STRING_CATALOGS = YES;
				MTL_ENABLE_DEBUG_INFO = NO;
				MTL_FAST_MATH = YES;
				SDKROOT = iphoneos;
				SWIFT_COMPILATION_MODE = wholemodule;
				VALIDATE_PRODUCT = YES;
			};
			name = Release;
		};
		F07644C02CF1C328005668B8 /* Debug */ = {
			isa = XCBuildConfiguration;
			buildSettings = {
				ASSETCATALOG_COMPILER_APPICON_NAME = AppIcon;
				ASSETCATALOG_COMPILER_GLOBAL_ACCENT_COLOR_NAME = AccentColor;
				CODE_SIGN_STYLE = Automatic;
				CURRENT_PROJECT_VERSION = 1;
				DEVELOPMENT_ASSET_PATHS = "\"room-reservation/Preview Content\"";
				DEVELOPMENT_TEAM = 9P2CQ7W4MZ;
				ENABLE_PREVIEWS = YES;
				GENERATE_INFOPLIST_FILE = YES;
				INFOPLIST_FILE = "room-reservation/Info.plist";
				INFOPLIST_KEY_UIApplicationSceneManifest_Generation = YES;
				INFOPLIST_KEY_UIApplicationSupportsIndirectInputEvents = YES;
				INFOPLIST_KEY_UILaunchScreen_Generation = YES;
				INFOPLIST_KEY_UISupportedInterfaceOrientations_iPad = "UIInterfaceOrientationPortrait UIInterfaceOrientationPortraitUpsideDown UIInterfaceOrientationLandscapeLeft UIInterfaceOrientationLandscapeRight";
				INFOPLIST_KEY_UISupportedInterfaceOrientations_iPhone = "UIInterfaceOrientationPortrait UIInterfaceOrientationLandscapeLeft UIInterfaceOrientationLandscapeRight";
				LD_RUNPATH_SEARCH_PATHS = (
					"$(inherited)",
					"@executable_path/Frameworks",
				);
				MARKETING_VERSION = 1.0;
				PRODUCT_BUNDLE_IDENTIFIER = "p.room-reservation";
				PRODUCT_NAME = "$(TARGET_NAME)";
				SWIFT_EMIT_LOC_STRINGS = YES;
				SWIFT_VERSION = 5.0;
				TARGETED_DEVICE_FAMILY = "1,2";
			};
			name = Debug;
		};
		F07644C12CF1C328005668B8 /* Release */ = {
			isa = XCBuildConfiguration;
			buildSettings = {
				ASSETCATALOG_COMPILER_APPICON_NAME = AppIcon;
				ASSETCATALOG_COMPILER_GLOBAL_ACCENT_COLOR_NAME = AccentColor;
				CODE_SIGN_STYLE = Automatic;
				CURRENT_PROJECT_VERSION = 1;
				DEVELOPMENT_ASSET_PATHS = "\"room-reservation/Preview Content\"";
				DEVELOPMENT_TEAM = 9P2CQ7W4MZ;
				ENABLE_PREVIEWS = YES;
				GENERATE_INFOPLIST_FILE = YES;
				INFOPLIST_FILE = "room-reservation/Info.plist";
				INFOPLIST_KEY_UIApplicationSceneManifest_Generation = YES;
				INFOPLIST_KEY_UIApplicationSupportsIndirectInputEvents = YES;
				INFOPLIST_KEY_UILaunchScreen_Generation = YES;
				INFOPLIST_KEY_UISupportedInterfaceOrientations_iPad = "UIInterfaceOrientationPortrait UIInterfaceOrientationPortraitUpsideDown UIInterfaceOrientationLandscapeLeft UIInterfaceOrientationLandscapeRight";
				INFOPLIST_KEY_UISupportedInterfaceOrientations_iPhone = "UIInterfaceOrientationPortrait UIInterfaceOrientationLandscapeLeft UIInterfaceOrientationLandscapeRight";
				LD_RUNPATH_SEARCH_PATHS = (
					"$(inherited)",
					"@executable_path/Frameworks",
				);
				MARKETING_VERSION = 1.0;
				PRODUCT_BUNDLE_IDENTIFIER = "p.room-reservation";
				PRODUCT_NAME = "$(TARGET_NAME)";
				SWIFT_EMIT_LOC_STRINGS = YES;
				SWIFT_VERSION = 5.0;
				TARGETED_DEVICE_FAMILY = "1,2";
			};
			name = Release;
		};
		F07644C32CF1C328005668B8 /* Debug */ = {
			isa = XCBuildConfiguration;
			buildSettings = {
				BUNDLE_LOADER = "$(TEST_HOST)";
				CODE_SIGN_STYLE = Automatic;
				CURRENT_PROJECT_VERSION = 1;
				DEVELOPMENT_TEAM = 9P2CQ7W4MZ;
				GENERATE_INFOPLIST_FILE = YES;
				IPHONEOS_DEPLOYMENT_TARGET = 18.1;
				MARKETING_VERSION = 1.0;
				PRODUCT_BUNDLE_IDENTIFIER = "p.room-reservationTests";
				PRODUCT_NAME = "$(TARGET_NAME)";
				SWIFT_EMIT_LOC_STRINGS = NO;
				SWIFT_VERSION = 5.0;
				TARGETED_DEVICE_FAMILY = "1,2";
				TEST_HOST = "$(BUILT_PRODUCTS_DIR)/room-reservation.app/$(BUNDLE_EXECUTABLE_FOLDER_PATH)/room-reservation";
			};
			name = Debug;
		};
		F07644C42CF1C328005668B8 /* Release */ = {
			isa = XCBuildConfiguration;
			buildSettings = {
				BUNDLE_LOADER = "$(TEST_HOST)";
				CODE_SIGN_STYLE = Automatic;
				CURRENT_PROJECT_VERSION = 1;
				DEVELOPMENT_TEAM = 9P2CQ7W4MZ;
				GENERATE_INFOPLIST_FILE = YES;
				IPHONEOS_DEPLOYMENT_TARGET = 18.1;
				MARKETING_VERSION = 1.0;
				PRODUCT_BUNDLE_IDENTIFIER = "p.room-reservationTests";
				PRODUCT_NAME = "$(TARGET_NAME)";
				SWIFT_EMIT_LOC_STRINGS = NO;
				SWIFT_VERSION = 5.0;
				TARGETED_DEVICE_FAMILY = "1,2";
				TEST_HOST = "$(BUILT_PRODUCTS_DIR)/room-reservation.app/$(BUNDLE_EXECUTABLE_FOLDER_PATH)/room-reservation";
			};
			name = Release;
		};
		F07644C62CF1C328005668B8 /* Debug */ = {
			isa = XCBuildConfiguration;
			buildSettings = {
				CODE_SIGN_STYLE = Automatic;
				CURRENT_PROJECT_VERSION = 1;
				DEVELOPMENT_TEAM = 9P2CQ7W4MZ;
				GENERATE_INFOPLIST_FILE = YES;
				MARKETING_VERSION = 1.0;
				PRODUCT_BUNDLE_IDENTIFIER = "p.room-reservationUITests";
				PRODUCT_NAME = "$(TARGET_NAME)";
				SWIFT_EMIT_LOC_STRINGS = NO;
				SWIFT_VERSION = 5.0;
				TARGETED_DEVICE_FAMILY = "1,2";
				TEST_TARGET_NAME = "room-reservation";
			};
			name = Debug;
		};
		F07644C72CF1C328005668B8 /* Release */ = {
			isa = XCBuildConfiguration;
			buildSettings = {
				CODE_SIGN_STYLE = Automatic;
				CURRENT_PROJECT_VERSION = 1;
				DEVELOPMENT_TEAM = 9P2CQ7W4MZ;
				GENERATE_INFOPLIST_FILE = YES;
				MARKETING_VERSION = 1.0;
				PRODUCT_BUNDLE_IDENTIFIER = "p.room-reservationUITests";
				PRODUCT_NAME = "$(TARGET_NAME)";
				SWIFT_EMIT_LOC_STRINGS = NO;
				SWIFT_VERSION = 5.0;
				TARGETED_DEVICE_FAMILY = "1,2";
				TEST_TARGET_NAME = "room-reservation";
			};
			name = Release;
		};
/* End XCBuildConfiguration section */

/* Begin XCConfigurationList section */
		F07644962CF1C325005668B8 /* Build configuration list for PBXProject "room-reservation" */ = {
			isa = XCConfigurationList;
			buildConfigurations = (
				F07644BD2CF1C328005668B8 /* Debug */,
				F07644BE2CF1C328005668B8 /* Release */,
			);
			defaultConfigurationIsVisible = 0;
			defaultConfigurationName = Release;
		};
		F07644BF2CF1C328005668B8 /* Build configuration list for PBXNativeTarget "room-reservation" */ = {
			isa = XCConfigurationList;
			buildConfigurations = (
				F07644C02CF1C328005668B8 /* Debug */,
				F07644C12CF1C328005668B8 /* Release */,
			);
			defaultConfigurationIsVisible = 0;
			defaultConfigurationName = Release;
		};
		F07644C22CF1C328005668B8 /* Build configuration list for PBXNativeTarget "room-reservationTests" */ = {
			isa = XCConfigurationList;
			buildConfigurations = (
				F07644C32CF1C328005668B8 /* Debug */,
				F07644C42CF1C328005668B8 /* Release */,
			);
			defaultConfigurationIsVisible = 0;
			defaultConfigurationName = Release;
		};
		F07644C52CF1C328005668B8 /* Build configuration list for PBXNativeTarget "room-reservationUITests" */ = {
			isa = XCConfigurationList;
			buildConfigurations = (
				F07644C62CF1C328005668B8 /* Debug */,
				F07644C72CF1C328005668B8 /* Release */,
			);
			defaultConfigurationIsVisible = 0;
			defaultConfigurationName = Release;
		};
/* End XCConfigurationList section */

/* Begin XCRemoteSwiftPackageReference section */
		F07644D52CF4F1A6005668B8 /* XCRemoteSwiftPackageReference "SwiftyJSON" */ = {
			isa = XCRemoteSwiftPackageReference;
			repositoryURL = "https://github.com/SwiftyJSON/SwiftyJSON";
			requirement = {
				kind = upToNextMajorVersion;
				minimumVersion = 5.0.2;
			};
		};
		F0859AA12CF5B5F900A90331 /* XCRemoteSwiftPackageReference "Alamofire" */ = {
			isa = XCRemoteSwiftPackageReference;
			repositoryURL = "https://github.com/Alamofire/Alamofire.git";
			requirement = {
				kind = upToNextMajorVersion;
				minimumVersion = 5.10.2;
			};
		};
/* End XCRemoteSwiftPackageReference section */

/* Begin XCSwiftPackageProductDependency section */
		F07644D62CF4F1A6005668B8 /* SwiftyJSON */ = {
			isa = XCSwiftPackageProductDependency;
			package = F07644D52CF4F1A6005668B8 /* XCRemoteSwiftPackageReference "SwiftyJSON" */;
			productName = SwiftyJSON;
		};
		F0859AA22CF5B5F900A90331 /* Alamofire */ = {
			isa = XCSwiftPackageProductDependency;
			package = F0859AA12CF5B5F900A90331 /* XCRemoteSwiftPackageReference "Alamofire" */;
			productName = Alamofire;
		};
/* End XCSwiftPackageProductDependency section */
	};
	rootObject = F07644932CF1C325005668B8 /* Project object */;
}
